
Microsoft Visual Studio Solution File, Format Version 10.00
# Visual Studio 2008
Project("{8BC9CEB8-8B4A-11D0-8D11-00A0C91BC942}") = "PEParser", "PEParser\PEParser.vcproj", "{9053D7A3-891C-4120-95A9-A04D87A53234}"
EndProject
Global
	GlobalSection(SolutionConfigurationPlatforms) = preSolution
		Debug|Win32 = Debug|Win32
		Release|Win32 = Release|Win32
	EndGlobalSection
	GlobalSection(ProjectConfigurationPlatforms) = postSolution
		{9053D7A3-891C-4120-95A9-A04D87A53234}.Debug|Win32.ActiveCfg = Debug|Win32
		{9053D7A3-891C-4120-95A9-A04D87A53234}.Debug|Win32.Build.0 = Debug|Win32
		{9053D7A3-891C-4120-95A9-A04D87A53234}.Release|Win32.ActiveCfg = Release|Win32
		{9053D7A3-891C-4120-95A9-A04D87A53234}.Release|Win32.Build.0 = Release|Win32
	EndGlobalSection
	GlobalSection(SolutionProperties) = preSolution
		HideSolutionNode = FALSE
	EndGlobalSection
EndGlobal
